
Microsoft Visual Studio Solution File, Format Version 12.00
# Visual Studio Version 16
VisualStudioVersion = 16.0.31624.102
MinimumVisualStudioVersion = 10.0.40219.1
Project("{9A19103F-16F7-4668-BE54-9A1E7A4F7556}") = "ClassLibraryTicketSystem", "ClassLibraryTicketSystem\ClassLibraryTicketSystem.csproj", "{E03253D9-5B87-43D4-A478-8ED05ED2C266}"
EndProject
Project("{9A19103F-16F7-4668-BE54-9A1E7A4F7556}") = "ClassLibraryTicketSystemTests", "ClassLibraryTicketSystemTests\ClassLibraryTicketSystemTests.csproj", "{02069381-F138-476B-971A-2762943DD631}"
EndProject
Project("{9A19103F-16F7-4668-BE54-9A1E7A4F7556}") = "StoreBaeltTicketLibrary", "StoreBaeltTicketLibrary\StoreBaeltTicketLibrary.csproj", "{BDBFFC1F-6FE9-4FA1-BB97-76F68244B938}"
EndProject
Project("{9A19103F-16F7-4668-BE54-9A1E7A4F7556}") = "StoreBaeltTicketLibraryTests", "StoreBaeltTicketLibraryTests\StoreBaeltTicketLibraryTests.csproj", "{74A2F26F-696A-47E2-83F1-AB2359DAEB19}"
EndProject
Project("{9A19103F-16F7-4668-BE54-9A1E7A4F7556}") = "OresundBronTicketSystem", "OresundBronTicketSystem\OresundBronTicketSystem.csproj", "{90F84EA8-706B-4011-8D49-18CB05DF3DDE}"
EndProject
Project("{FAE04EC0-301F-11D3-BF4B-00C04F79EFBC}") = "OresundBronTicketSystemTests", "OresundBronTicketSystemTests\OresundBronTicketSystemTests.csproj", "{FB2F1F1E-809D-4245-8FE7-924839B6DFF3}"
EndProject
Global
	GlobalSection(SolutionConfigurationPlatforms) = preSolution
		Debug|Any CPU = Debug|Any CPU
		Release|Any CPU = Release|Any CPU
	EndGlobalSection
	GlobalSection(ProjectConfigurationPlatforms) = postSolution
		{E03253D9-5B87-43D4-A478-8ED05ED2C266}.Debug|Any CPU.ActiveCfg = Debug|Any CPU
		{E03253D9-5B87-43D4-A478-8ED05ED2C266}.Debug|Any CPU.Build.0 = Debug|Any CPU
		{E03253D9-5B87-43D4-A478-8ED05ED2C266}.Release|Any CPU.ActiveCfg = Release|Any CPU
		{E03253D9-5B87-43D4-A478-8ED05ED2C266}.Release|Any CPU.Build.0 = Release|Any CPU
		{02069381-F138-476B-971A-2762943DD631}.Debug|Any CPU.ActiveCfg = Debug|Any CPU
		{02069381-F138-476B-971A-2762943DD631}.Debug|Any CPU.Build.0 = Debug|Any CPU
		{02069381-F138-476B-971A-2762943DD631}.Release|Any CPU.ActiveCfg = Release|Any CPU
		{02069381-F138-476B-971A-2762943DD631}.Release|Any CPU.Build.0 = Release|Any CPU
		{BDBFFC1F-6FE9-4FA1-BB97-76F68244B938}.Debug|Any CPU.ActiveCfg = Debug|Any CPU
		{BDBFFC1F-6FE9-4FA1-BB97-76F68244B938}.Debug|Any CPU.Build.0 = Debug|Any CPU
		{BDBFFC1F-6FE9-4FA1-BB97-76F68244B938}.Release|Any CPU.ActiveCfg = Release|Any CPU
		{BDBFFC1F-6FE9-4FA1-BB97-76F68244B938}.Release|Any CPU.Build.0 = Release|Any CPU
		{74A2F26F-696A-47E2-83F1-AB2359DAEB19}.Debug|Any CPU.ActiveCfg = Debug|Any CPU
		{74A2F26F-696A-47E2-83F1-AB2359DAEB19}.Debug|Any CPU.Build.0 = Debug|Any CPU
		{74A2F26F-696A-47E2-83F1-AB2359DAEB19}.Release|Any CPU.ActiveCfg = Release|Any CPU
		{74A2F26F-696A-47E2-83F1-AB2359DAEB19}.Release|Any CPU.Build.0 = Release|Any CPU
		{90F84EA8-706B-4011-8D49-18CB05DF3DDE}.Debug|Any CPU.ActiveCfg = Debug|Any CPU
		{90F84EA8-706B-4011-8D49-18CB05DF3DDE}.Debug|Any CPU.Build.0 = Debug|Any CPU
		{90F84EA8-706B-4011-8D49-18CB05DF3DDE}.Release|Any CPU.ActiveCfg = Release|Any CPU
		{90F84EA8-706B-4011-8D49-18CB05DF3DDE}.Release|Any CPU.Build.0 = Release|Any CPU
		{FB2F1F1E-809D-4245-8FE7-924839B6DFF3}.Debug|Any CPU.ActiveCfg = Debug|Any CPU
		{FB2F1F1E-809D-4245-8FE7-924839B6DFF3}.Debug|Any CPU.Build.0 = Debug|Any CPU
		{FB2F1F1E-809D-4245-8FE7-924839B6DFF3}.Release|Any CPU.ActiveCfg = Release|Any CPU
		{FB2F1F1E-809D-4245-8FE7-924839B6DFF3}.Release|Any CPU.Build.0 = Release|Any CPU
	EndGlobalSection
	GlobalSection(SolutionProperties) = preSolution
		HideSolutionNode = FALSE
	EndGlobalSection
	GlobalSection(ExtensibilityGlobals) = postSolution
		SolutionGuid = {2EE0A1AF-F9C6-4136-A0BA-37870B3F0268}
	EndGlobalSection
EndGlobal
